
Microsoft Visual Studio Solution File, Format Version 12.00
# Visual Studio Version 16
VisualStudioVersion = 16.0.35130.168
MinimumVisualStudioVersion = 10.0.40219.1
Project("{FAE04EC0-301F-11D3-BF4B-00C04F79EFBC}") = "Gingerbread_Dash", "Gingerbread Dash\Gingerbread_Dash\Gingerbread_Dash.csproj", "{65EA5628-1BF7-468B-920E-B94B9D62B8A8}"
EndProject
Project("{96E2B04D-8817-42C6-938A-82C39BA4D311}") = "Gingerbread_DashContent", "Gingerbread Dash\Gingerbread_DashContent\Gingerbread_DashContent.contentproj", "{A937537F-2045-4A9F-8520-FAD2304DA96B}"
EndProject
Global
	GlobalSection(SolutionConfigurationPlatforms) = preSolution
		Debug|x86 = Debug|x86
		Release|x86 = Release|x86
	EndGlobalSection
	GlobalSection(ProjectConfigurationPlatforms) = postSolution
		{65EA5628-1BF7-468B-920E-B94B9D62B8A8}.Debug|x86.ActiveCfg = Debug|x86
		{65EA5628-1BF7-468B-920E-B94B9D62B8A8}.Debug|x86.Build.0 = Debug|x86
		{65EA5628-1BF7-468B-920E-B94B9D62B8A8}.Release|x86.ActiveCfg = Release|x86
		{65EA5628-1BF7-468B-920E-B94B9D62B8A8}.Release|x86.Build.0 = Release|x86
		{A937537F-2045-4A9F-8520-FAD2304DA96B}.Debug|x86.ActiveCfg = Debug|x86
		{A937537F-2045-4A9F-8520-FAD2304DA96B}.Release|x86.ActiveCfg = Release|x86
	EndGlobalSection
	GlobalSection(SolutionProperties) = preSolution
		HideSolutionNode = FALSE
	EndGlobalSection
	GlobalSection(ExtensibilityGlobals) = postSolution
		SolutionGuid = {D3A2CD39-2C7A-45A4-BEAC-5DF31B1760FF}
	EndGlobalSection
EndGlobal
